Microsoft Visual Studio Solution File, Format Version 12.00
# Visual Studio Version 17
VisualStudioVersion = 17.5.2.0
MinimumVisualStudioVersion = 10.0.40219.1
Project("{FAE04EC0-301F-11D3-BF4B-00C04F79EFBC}") = "MemSync", "MemSync.csproj", "{CD152318-1752-E026-FC53-0561A9E55696}"
EndProject
Global
	GlobalSection(SolutionConfigurationPlatforms) = preSolution
		Debug|Any CPU = Debug|Any CPU
		Release|Any CPU = Release|Any CPU
	EndGlobalSection
	GlobalSection(ProjectConfigurationPlatforms) = postSolution
		{CD152318-1752-E026-FC53-0561A9E55696}.Debug|Any CPU.ActiveCfg = Debug|Any CPU
		{CD152318-1752-E026-FC53-0561A9E55696}.Debug|Any CPU.Build.0 = Debug|Any CPU
		{CD152318-1752-E026-FC53-0561A9E55696}.Release|Any CPU.ActiveCfg = Release|Any CPU
		{CD152318-1752-E026-FC53-0561A9E55696}.Release|Any CPU.Build.0 = Release|Any CPU
	EndGlobalSection
	GlobalSection(SolutionProperties) = preSolution
		HideSolutionNode = FALSE
	EndGlobalSection
	GlobalSection(ExtensibilityGlobals) = postSolution
		SolutionGuid = {3D49E917-5772-4FE1-A618-1C83D475D286}
	EndGlobalSection
EndGlobal
